
Microsoft Visual Studio Solution File, Format Version 12.00
# Visual Studio Version 16
VisualStudioVersion = 16.0.34114.132
MinimumVisualStudioVersion = 10.0.40219.1
Project("{FAE04EC0-301F-11D3-BF4B-00C04F79EFBC}") = "Hakimov_Autoservice", "Hakimov_Autoservice.csproj", "{8038E462-73A2-441E-A1B6-829D71D34F56}"
EndProject
Global
	GlobalSection(SolutionConfigurationPlatforms) = preSolution
		Debug|Any CPU = Debug|Any CPU
		Release|Any CPU = Release|Any CPU
	EndGlobalSection
	GlobalSection(ProjectConfigurationPlatforms) = postSolution
		{8038E462-73A2-441E-A1B6-829D71D34F56}.Debug|Any CPU.ActiveCfg = Debug|Any CPU
		{8038E462-73A2-441E-A1B6-829D71D34F56}.Debug|Any CPU.Build.0 = Debug|Any CPU
		{8038E462-73A2-441E-A1B6-829D71D34F56}.Release|Any CPU.ActiveCfg = Release|Any CPU
		{8038E462-73A2-441E-A1B6-829D71D34F56}.Release|Any CPU.Build.0 = Release|Any CPU
	EndGlobalSection
	GlobalSection(SolutionProperties) = preSolution
		HideSolutionNode = FALSE
	EndGlobalSection
	GlobalSection(ExtensibilityGlobals) = postSolution
		SolutionGuid = {BC238460-BF1E-4C0B-9A6F-5E67998D747C}
	EndGlobalSection
EndGlobal
